
Microsoft Visual Studio Solution File, Format Version 12.00
# Visual Studio Version 17
VisualStudioVersion = 17.0.31903.59
MinimumVisualStudioVersion = 10.0.40219.1
Project("{2150E333-8FDC-42A3-9474-1A3956D46DE8}") = "src", "src", "{C3655725-69EB-4542-BAAA-27B8402CFA18}"
EndProject
Project("{FAE04EC0-301F-11D3-BF4B-00C04F79EFBC}") = "App.AppHost", "src\App.AppHost\App.AppHost.csproj", "{5FE5882A-1C29-45AE-81EC-D428D93E42A8}"
EndProject
Project("{FAE04EC0-301F-11D3-BF4B-00C04F79EFBC}") = "App.ServiceDefaults", "src\App.ServiceDefaults\App.ServiceDefaults.csproj", "{D2C42028-C67E-4657-AFB2-3DA30DB36F25}"
EndProject
Project("{FAE04EC0-301F-11D3-BF4B-00C04F79EFBC}") = "App", "src\App\App.csproj", "{2A4ED909-01BB-4B00-A955-1DE12CBD0A7F}"
EndProject
Project("{FAE04EC0-301F-11D3-BF4B-00C04F79EFBC}") = "NewsSearch.Sdk", "src\NewsSearch.Sdk\NewsSearch.Sdk.csproj", "{8FD09B7B-EC4D-4531-8E4B-04C312A562FA}"
EndProject
Project("{FAE04EC0-301F-11D3-BF4B-00C04F79EFBC}") = "App.Sdk", "src\App.Sdk\App.Sdk.csproj", "{EAFA1C31-B239-4DB0-A0D5-AAC240A7CE83}"
EndProject
Project("{FAE04EC0-301F-11D3-BF4B-00C04F79EFBC}") = "AppClient", "src\App.Client\App.Client.csproj", "{2F0CF7DC-A87B-4079-A4EA-CC9DB1B3195E}"
EndProject
Project("{FAE04EC0-301F-11D3-BF4B-00C04F79EFBC}") = "App.Client.Sdk", "src\App.Client.Sdk\App.Client.Sdk.csproj", "{30272F8E-1ADC-4A9A-B9F5-8AC770555641}"
EndProject
Project("{FAE04EC0-301F-11D3-BF4B-00C04F79EFBC}") = "App.Client.Cli", "src\App.Client.Cli\App.Client.Cli.csproj", "{053464DE-525A-4FED-A9FC-021A6D2AB6CF}"
EndProject
Project("{2150E333-8FDC-42A3-9474-1A3956D46DE8}") = "tests", "tests", "{034FF769-CA4D-49C0-A91A-4726E04F59E7}"
EndProject
Project("{FAE04EC0-301F-11D3-BF4B-00C04F79EFBC}") = "NewsSearch.Sdk.Tests", "tests\NewsSearch.Sdk.Tests\NewsSearch.Sdk.Tests.csproj", "{6B549687-A4C7-4408-94B6-8C47A0F92A45}"
EndProject
Global
	GlobalSection(SolutionConfigurationPlatforms) = preSolution
		Debug|Any CPU = Debug|Any CPU
		Release|Any CPU = Release|Any CPU
	EndGlobalSection
	GlobalSection(SolutionProperties) = preSolution
		HideSolutionNode = FALSE
	EndGlobalSection
	GlobalSection(ProjectConfigurationPlatforms) = postSolution
		{5FE5882A-1C29-45AE-81EC-D428D93E42A8}.Debug|Any CPU.ActiveCfg = Debug|Any CPU
		{5FE5882A-1C29-45AE-81EC-D428D93E42A8}.Debug|Any CPU.Build.0 = Debug|Any CPU
		{5FE5882A-1C29-45AE-81EC-D428D93E42A8}.Release|Any CPU.ActiveCfg = Release|Any CPU
		{5FE5882A-1C29-45AE-81EC-D428D93E42A8}.Release|Any CPU.Build.0 = Release|Any CPU
		{D2C42028-C67E-4657-AFB2-3DA30DB36F25}.Debug|Any CPU.ActiveCfg = Debug|Any CPU
		{D2C42028-C67E-4657-AFB2-3DA30DB36F25}.Debug|Any CPU.Build.0 = Debug|Any CPU
		{D2C42028-C67E-4657-AFB2-3DA30DB36F25}.Release|Any CPU.ActiveCfg = Release|Any CPU
		{D2C42028-C67E-4657-AFB2-3DA30DB36F25}.Release|Any CPU.Build.0 = Release|Any CPU
		{2A4ED909-01BB-4B00-A955-1DE12CBD0A7F}.Debug|Any CPU.ActiveCfg = Debug|Any CPU
		{2A4ED909-01BB-4B00-A955-1DE12CBD0A7F}.Debug|Any CPU.Build.0 = Debug|Any CPU
		{2A4ED909-01BB-4B00-A955-1DE12CBD0A7F}.Release|Any CPU.ActiveCfg = Release|Any CPU
		{2A4ED909-01BB-4B00-A955-1DE12CBD0A7F}.Release|Any CPU.Build.0 = Release|Any CPU
		{8FD09B7B-EC4D-4531-8E4B-04C312A562FA}.Debug|Any CPU.ActiveCfg = Debug|Any CPU
		{8FD09B7B-EC4D-4531-8E4B-04C312A562FA}.Debug|Any CPU.Build.0 = Debug|Any CPU
		{8FD09B7B-EC4D-4531-8E4B-04C312A562FA}.Release|Any CPU.ActiveCfg = Release|Any CPU
		{8FD09B7B-EC4D-4531-8E4B-04C312A562FA}.Release|Any CPU.Build.0 = Release|Any CPU
		{EAFA1C31-B239-4DB0-A0D5-AAC240A7CE83}.Debug|Any CPU.ActiveCfg = Debug|Any CPU
		{EAFA1C31-B239-4DB0-A0D5-AAC240A7CE83}.Debug|Any CPU.Build.0 = Debug|Any CPU
		{EAFA1C31-B239-4DB0-A0D5-AAC240A7CE83}.Release|Any CPU.ActiveCfg = Release|Any CPU
		{EAFA1C31-B239-4DB0-A0D5-AAC240A7CE83}.Release|Any CPU.Build.0 = Release|Any CPU
		{2F0CF7DC-A87B-4079-A4EA-CC9DB1B3195E}.Debug|Any CPU.ActiveCfg = Debug|Any CPU
		{2F0CF7DC-A87B-4079-A4EA-CC9DB1B3195E}.Debug|Any CPU.Build.0 = Debug|Any CPU
		{2F0CF7DC-A87B-4079-A4EA-CC9DB1B3195E}.Release|Any CPU.ActiveCfg = Release|Any CPU
		{2F0CF7DC-A87B-4079-A4EA-CC9DB1B3195E}.Release|Any CPU.Build.0 = Release|Any CPU
		{30272F8E-1ADC-4A9A-B9F5-8AC770555641}.Debug|Any CPU.ActiveCfg = Debug|Any CPU
		{30272F8E-1ADC-4A9A-B9F5-8AC770555641}.Debug|Any CPU.Build.0 = Debug|Any CPU
		{30272F8E-1ADC-4A9A-B9F5-8AC770555641}.Release|Any CPU.ActiveCfg = Release|Any CPU
		{30272F8E-1ADC-4A9A-B9F5-8AC770555641}.Release|Any CPU.Build.0 = Release|Any CPU
		{053464DE-525A-4FED-A9FC-021A6D2AB6CF}.Debug|Any CPU.ActiveCfg = Debug|Any CPU
		{053464DE-525A-4FED-A9FC-021A6D2AB6CF}.Debug|Any CPU.Build.0 = Debug|Any CPU
		{053464DE-525A-4FED-A9FC-021A6D2AB6CF}.Release|Any CPU.ActiveCfg = Release|Any CPU
		{053464DE-525A-4FED-A9FC-021A6D2AB6CF}.Release|Any CPU.Build.0 = Release|Any CPU
		{6B549687-A4C7-4408-94B6-8C47A0F92A45}.Debug|Any CPU.ActiveCfg = Debug|Any CPU
		{6B549687-A4C7-4408-94B6-8C47A0F92A45}.Debug|Any CPU.Build.0 = Debug|Any CPU
		{6B549687-A4C7-4408-94B6-8C47A0F92A45}.Release|Any CPU.ActiveCfg = Release|Any CPU
		{6B549687-A4C7-4408-94B6-8C47A0F92A45}.Release|Any CPU.Build.0 = Release|Any CPU
	EndGlobalSection
	GlobalSection(NestedProjects) = preSolution
		{5FE5882A-1C29-45AE-81EC-D428D93E42A8} = {C3655725-69EB-4542-BAAA-27B8402CFA18}
		{D2C42028-C67E-4657-AFB2-3DA30DB36F25} = {C3655725-69EB-4542-BAAA-27B8402CFA18}
		{2A4ED909-01BB-4B00-A955-1DE12CBD0A7F} = {C3655725-69EB-4542-BAAA-27B8402CFA18}
		{8FD09B7B-EC4D-4531-8E4B-04C312A562FA} = {C3655725-69EB-4542-BAAA-27B8402CFA18}
		{EAFA1C31-B239-4DB0-A0D5-AAC240A7CE83} = {C3655725-69EB-4542-BAAA-27B8402CFA18}
		{2F0CF7DC-A87B-4079-A4EA-CC9DB1B3195E} = {C3655725-69EB-4542-BAAA-27B8402CFA18}
		{30272F8E-1ADC-4A9A-B9F5-8AC770555641} = {C3655725-69EB-4542-BAAA-27B8402CFA18}
		{053464DE-525A-4FED-A9FC-021A6D2AB6CF} = {C3655725-69EB-4542-BAAA-27B8402CFA18}
		{6B549687-A4C7-4408-94B6-8C47A0F92A45} = {034FF769-CA4D-49C0-A91A-4726E04F59E7}
	EndGlobalSection
EndGlobal
